
Microsoft Visual Studio Solution File, Format Version 12.00
# Visual Studio Version 17
VisualStudioVersion = 17.3.32922.545
MinimumVisualStudioVersion = 10.0.40219.1
Project("{FAE04EC0-301F-11D3-BF4B-00C04F79EFBC}") = "pin", "pin\pin.csproj", "{24FD7B3C-6D38-4099-85DE-FB957C48E87C}"
EndProject
Global
	GlobalSection(SolutionConfigurationPlatforms) = preSolution
		Debug|Any CPU = Debug|Any CPU
		Release|Any CPU = Release|Any CPU
	EndGlobalSection
	GlobalSection(ProjectConfigurationPlatforms) = postSolution
		{24FD7B3C-6D38-4099-85DE-FB957C48E87C}.Debug|Any CPU.ActiveCfg = Debug|Any CPU
		{24FD7B3C-6D38-4099-85DE-FB957C48E87C}.Debug|Any CPU.Build.0 = Debug|Any CPU
		{24FD7B3C-6D38-4099-85DE-FB957C48E87C}.Release|Any CPU.ActiveCfg = Release|Any CPU
		{24FD7B3C-6D38-4099-85DE-FB957C48E87C}.Release|Any CPU.Build.0 = Release|Any CPU
	EndGlobalSection
	GlobalSection(SolutionProperties) = preSolution
		HideSolutionNode = FALSE
	EndGlobalSection
	GlobalSection(ExtensibilityGlobals) = postSolution
		SolutionGuid = {C479377F-6A30-48B6-8C29-158E8C33DBB4}
	EndGlobalSection
EndGlobal
